
Microsoft Visual Studio Solution File, Format Version 12.00
# Visual Studio Version 17
VisualStudioVersion = 17.8.34511.84
MinimumVisualStudioVersion = 10.0.40219.1
Project("{FAE04EC0-301F-11D3-BF4B-00C04F79EFBC}") = "GuidMySql", "GuidMySql\GuidMySql.csproj", "{3DA231E9-3653-43C7-AE4C-A83343461DFF}"
EndProject
Global
	GlobalSection(SolutionConfigurationPlatforms) = preSolution
		Debug|Any CPU = Debug|Any CPU
		Release|Any CPU = Release|Any CPU
	EndGlobalSection
	GlobalSection(ProjectConfigurationPlatforms) = postSolution
		{3DA231E9-3653-43C7-AE4C-A83343461DFF}.Debug|Any CPU.ActiveCfg = Debug|Any CPU
		{3DA231E9-3653-43C7-AE4C-A83343461DFF}.Debug|Any CPU.Build.0 = Debug|Any CPU
		{3DA231E9-3653-43C7-AE4C-A83343461DFF}.Release|Any CPU.ActiveCfg = Release|Any CPU
		{3DA231E9-3653-43C7-AE4C-A83343461DFF}.Release|Any CPU.Build.0 = Release|Any CPU
	EndGlobalSection
	GlobalSection(SolutionProperties) = preSolution
		HideSolutionNode = FALSE
	EndGlobalSection
	GlobalSection(ExtensibilityGlobals) = postSolution
		SolutionGuid = {3839BFA5-7457-4F3C-BFEF-E8A9A7842942}
	EndGlobalSection
EndGlobal
